
Microsoft Visual Studio Solution File, Format Version 12.00
# Visual Studio 15
VisualStudioVersion = 15.0.26430.4
MinimumVisualStudioVersion = 10.0.40219.1
Project("{FAE04EC0-301F-11D3-BF4B-00C04F79EFBC}") = "TryMLearning.Application", "TryMLearning.Application\TryMLearning.Application.csproj", "{46C61935-DBFA-4622-A7CA-86941DCA8D2A}"
EndProject
Project("{FAE04EC0-301F-11D3-BF4B-00C04F79EFBC}") = "TryMLearning.Model", "TryMLearning.Model\TryMLearning.Model.csproj", "{7E9BA1AF-AAC3-4F49-AB1A-ACF5811A816B}"
EndProject
Project("{FAE04EC0-301F-11D3-BF4B-00C04F79EFBC}") = "TryMLearning.Application.Interface", "TryMLearning.Application.Interface\TryMLearning.Application.Interface.csproj", "{1B0D3852-C2DE-48B9-8E1B-B4B106624E24}"
EndProject
Project("{FAE04EC0-301F-11D3-BF4B-00C04F79EFBC}") = "TryMLearning.Persistence", "TryMLearning.Persistence\TryMLearning.Persistence.csproj", "{16D077D7-320C-4728-B6E6-02C42954262C}"
EndProject
Project("{FAE04EC0-301F-11D3-BF4B-00C04F79EFBC}") = "TryMLearning.Persistence.Interface", "TryMLearning.Persistence.Interface\TryMLearning.Persistence.Interface.csproj", "{B329896D-BADB-44FA-895D-7030ACF49256}"
EndProject
Project("{FAE04EC0-301F-11D3-BF4B-00C04F79EFBC}") = "TryMLearning.AlgorithmWebJob", "TryMLearning.AlgorithmWebJob\TryMLearning.AlgorithmWebJob.csproj", "{8ED5C1CA-24C0-4A77-8310-BE08A7F1CBB2}"
EndProject
Project("{FAE04EC0-301F-11D3-BF4B-00C04F79EFBC}") = "TryMLearning.WebAPI", "TryMLearning.WebAPI\TryMLearning.WebAPI.csproj", "{CC8B8E51-4EE3-432F-90CD-8800B2F5A040}"
EndProject
Project("{FAE04EC0-301F-11D3-BF4B-00C04F79EFBC}") = "TryMLearning.Web", "TryMLearning.Web\TryMLearning.Web.csproj", "{830F9BD7-54AD-41B6-B937-65F52B77B8EE}"
EndProject
Global
	GlobalSection(SolutionConfigurationPlatforms) = preSolution
		Debug|Any CPU = Debug|Any CPU
		Release|Any CPU = Release|Any CPU
	EndGlobalSection
	GlobalSection(ProjectConfigurationPlatforms) = postSolution
		{46C61935-DBFA-4622-A7CA-86941DCA8D2A}.Debug|Any CPU.ActiveCfg = Debug|Any CPU
		{46C61935-DBFA-4622-A7CA-86941DCA8D2A}.Debug|Any CPU.Build.0 = Debug|Any CPU
		{46C61935-DBFA-4622-A7CA-86941DCA8D2A}.Release|Any CPU.ActiveCfg = Release|Any CPU
		{46C61935-DBFA-4622-A7CA-86941DCA8D2A}.Release|Any CPU.Build.0 = Release|Any CPU
		{7E9BA1AF-AAC3-4F49-AB1A-ACF5811A816B}.Debug|Any CPU.ActiveCfg = Debug|Any CPU
		{7E9BA1AF-AAC3-4F49-AB1A-ACF5811A816B}.Debug|Any CPU.Build.0 = Debug|Any CPU
		{7E9BA1AF-AAC3-4F49-AB1A-ACF5811A816B}.Release|Any CPU.ActiveCfg = Release|Any CPU
		{7E9BA1AF-AAC3-4F49-AB1A-ACF5811A816B}.Release|Any CPU.Build.0 = Release|Any CPU
		{1B0D3852-C2DE-48B9-8E1B-B4B106624E24}.Debug|Any CPU.ActiveCfg = Debug|Any CPU
		{1B0D3852-C2DE-48B9-8E1B-B4B106624E24}.Debug|Any CPU.Build.0 = Debug|Any CPU
		{1B0D3852-C2DE-48B9-8E1B-B4B106624E24}.Release|Any CPU.ActiveCfg = Release|Any CPU
		{1B0D3852-C2DE-48B9-8E1B-B4B106624E24}.Release|Any CPU.Build.0 = Release|Any CPU
		{16D077D7-320C-4728-B6E6-02C42954262C}.Debug|Any CPU.ActiveCfg = Debug|Any CPU
		{16D077D7-320C-4728-B6E6-02C42954262C}.Debug|Any CPU.Build.0 = Debug|Any CPU
		{16D077D7-320C-4728-B6E6-02C42954262C}.Release|Any CPU.ActiveCfg = Release|Any CPU
		{16D077D7-320C-4728-B6E6-02C42954262C}.Release|Any CPU.Build.0 = Release|Any CPU
		{B329896D-BADB-44FA-895D-7030ACF49256}.Debug|Any CPU.ActiveCfg = Debug|Any CPU
		{B329896D-BADB-44FA-895D-7030ACF49256}.Debug|Any CPU.Build.0 = Debug|Any CPU
		{B329896D-BADB-44FA-895D-7030ACF49256}.Release|Any CPU.ActiveCfg = Release|Any CPU
		{B329896D-BADB-44FA-895D-7030ACF49256}.Release|Any CPU.Build.0 = Release|Any CPU
		{8ED5C1CA-24C0-4A77-8310-BE08A7F1CBB2}.Debug|Any CPU.ActiveCfg = Debug|Any CPU
		{8ED5C1CA-24C0-4A77-8310-BE08A7F1CBB2}.Debug|Any CPU.Build.0 = Debug|Any CPU
		{8ED5C1CA-24C0-4A77-8310-BE08A7F1CBB2}.Release|Any CPU.ActiveCfg = Release|Any CPU
		{8ED5C1CA-24C0-4A77-8310-BE08A7F1CBB2}.Release|Any CPU.Build.0 = Release|Any CPU
		{CC8B8E51-4EE3-432F-90CD-8800B2F5A040}.Debug|Any CPU.ActiveCfg = Debug|Any CPU
		{CC8B8E51-4EE3-432F-90CD-8800B2F5A040}.Debug|Any CPU.Build.0 = Debug|Any CPU
		{CC8B8E51-4EE3-432F-90CD-8800B2F5A040}.Release|Any CPU.ActiveCfg = Release|Any CPU
		{CC8B8E51-4EE3-432F-90CD-8800B2F5A040}.Release|Any CPU.Build.0 = Release|Any CPU
		{830F9BD7-54AD-41B6-B937-65F52B77B8EE}.Debug|Any CPU.ActiveCfg = Debug|Any CPU
		{830F9BD7-54AD-41B6-B937-65F52B77B8EE}.Debug|Any CPU.Build.0 = Debug|Any CPU
		{830F9BD7-54AD-41B6-B937-65F52B77B8EE}.Release|Any CPU.ActiveCfg = Release|Any CPU
		{830F9BD7-54AD-41B6-B937-65F52B77B8EE}.Release|Any CPU.Build.0 = Release|Any CPU
	EndGlobalSection
	GlobalSection(SolutionProperties) = preSolution
		HideSolutionNode = FALSE
	EndGlobalSection
EndGlobal
